// !$*UTF8*$!
{
	archiveVersion = 1;
	classes = {
	};
	objectVersion = 46;
	objects = {

/* Begin PBXBuildFile section */
		5AC2ACE51E2CD765002F660F /* AppDelegate.swift in Sources */ = {isa = PBXBuildFile; fileRef = 5AC2ACE41E2CD765002F660F /* AppDelegate.swift */; };
		5AC2ACE71E2CD765002F660F /* ViewController.swift in Sources */ = {isa = PBXBuildFile; fileRef = 5AC2ACE61E2CD765002F660F /* ViewController.swift */; };
		5AC2ACEA1E2CD765002F660F /* Main.storyboard in Resources */ = {isa = PBXBuildFile; fileRef = 5AC2ACE81E2CD765002F660F /* Main.storyboard */; };
		5AC2ACEC1E2CD765002F660F /* Assets.xcassets in Resources */ = {isa = PBXBuildFile; fileRef = 5AC2ACEB1E2CD765002F660F /* Assets.xcassets */; };
		5AC2ACEF1E2CD765002F660F /* LaunchScreen.storyboard in Resources */ = {isa = PBXBuildFile; fileRef = 5AC2ACED1E2CD765002F660F /* LaunchScreen.storyboard */; };
		5AC2ACFA1E2CD765002F660F /* BabyTimeTests.swift in Sources */ = {isa = PBXBuildFile; fileRef = 5AC2ACF91E2CD765002F660F /* BabyTimeTests.swift */; };
		5AC2AD051E2CD765002F660F /* BabyTimeUITests.swift in Sources */ = {isa = PBXBuildFile; fileRef = 5AC2AD041E2CD765002F660F /* BabyTimeUITests.swift */; };
		5AC2AD0A1E2CD765002F660F /* BabyTime WatchKit App.app in Embed Watch Content */ = {isa = PBXBuildFile; fileRef = 5AC2AD091E2CD765002F660F /* BabyTime WatchKit App.app */; };
		5AC2AD101E2CD765002F660F /* Interface.storyboard in Resources */ = {isa = PBXBuildFile; fileRef = 5AC2AD0E1E2CD765002F660F /* Interface.storyboard */; };
		5AC2AD121E2CD765002F660F /* Assets.xcassets in Resources */ = {isa = PBXBuildFile; fileRef = 5AC2AD111E2CD765002F660F /* Assets.xcassets */; };
		5AC2AD191E2CD765002F660F /* BabyTime WatchKit Extension.appex in Embed App Extensions */ = {isa = PBXBuildFile; fileRef = 5AC2AD181E2CD765002F660F /* BabyTime WatchKit Extension.appex */; settings = {ATTRIBUTES = (RemoveHeadersOnCopy, ); }; };
		5AC2AD201E2CD765002F660F /* InterfaceController.swift in Sources */ = {isa = PBXBuildFile; fileRef = 5AC2AD1F1E2CD765002F660F /* InterfaceController.swift */; };
		5AC2AD221E2CD765002F660F /* ExtensionDelegate.swift in Sources */ = {isa = PBXBuildFile; fileRef = 5AC2AD211E2CD765002F660F /* ExtensionDelegate.swift */; };
		5AC2AD241E2CD765002F660F /* NotificationController.swift in Sources */ = {isa = PBXBuildFile; fileRef = 5AC2AD231E2CD765002F660F /* NotificationController.swift */; };
		5AC2AD261E2CD765002F660F /* ComplicationController.swift in Sources */ = {isa = PBXBuildFile; fileRef = 5AC2AD251E2CD765002F660F /* ComplicationController.swift */; };
		5AC2AD281E2CD765002F660F /* Assets.xcassets in Resources */ = {isa = PBXBuildFile; fileRef = 5AC2AD271E2CD765002F660F /* Assets.xcassets */; };
/* End PBXBuildFile section */

/* Begin PBXContainerItemProxy section */
		5AC2ACF61E2CD765002F660F /* PBXContainerItemProxy */ = {
			isa = PBXContainerItemProxy;
			containerPortal = 5AC2ACD91E2CD765002F660F /* Project object */;
			proxyType = 1;
			remoteGlobalIDString = 5AC2ACE01E2CD765002F660F;
			remoteInfo = BabyTime;
		};
		5AC2AD011E2CD765002F660F /* PBXContainerItemProxy */ = {
			isa = PBXContainerItemProxy;
			containerPortal = 5AC2ACD91E2CD765002F660F /* Project object */;
			proxyType = 1;
			remoteGlobalIDString = 5AC2ACE01E2CD765002F660F;
			remoteInfo = BabyTime;
		};
		5AC2AD0B1E2CD765002F660F /* PBXContainerItemProxy */ = {
			isa = PBXContainerItemProxy;
			containerPortal = 5AC2ACD91E2CD765002F660F /* Project object */;
			proxyType = 1;
			remoteGlobalIDString = 5AC2AD081E2CD765002F660F;
			remoteInfo = "BabyTime WatchKit App";
		};
		5AC2AD1A1E2CD765002F660F /* PBXContainerItemProxy */ = {
			isa = PBXContainerItemProxy;
			containerPortal = 5AC2ACD91E2CD765002F660F /* Project object */;
			proxyType = 1;
			remoteGlobalIDString = 5AC2AD171E2CD765002F660F;
			remoteInfo = "BabyTime WatchKit Extension";
		};
/* End PBXContainerItemProxy section */

/* Begin PBXCopyFilesBuildPhase section */
		5AC2AD2F1E2CD765002F660F /* Embed App Extensions */ = {
			isa = PBXCopyFilesBuildPhase;
			buildActionMask = 2147483647;
			dstPath = "";
			dstSubfolderSpec = 13;
			files = (
				5AC2AD191E2CD765002F660F /* BabyTime WatchKit Extension.appex in Embed App Extensions */,
			);
			name = "Embed App Extensions";
			runOnlyForDeploymentPostprocessing = 0;
		};
		5AC2AD331E2CD765002F660F /* Embed Watch Content */ = {
			isa = PBXCopyFilesBuildPhase;
			buildActionMask = 2147483647;
			dstPath = "$(CONTENTS_FOLDER_PATH)/Watch";
			dstSubfolderSpec = 16;
			files = (
				5AC2AD0A1E2CD765002F660F /* BabyTime WatchKit App.app in Embed Watch Content */,
			);
			name = "Embed Watch Content";
			runOnlyForDeploymentPostprocessing = 0;
		};
/* End PBXCopyFilesBuildPhase section */

/* Begin PBXFileReference section */
		5AC2ACE11E2CD765002F660F /* BabyTime.app */ = {isa = PBXFileReference; explicitFileType = wrapper.application; includeInIndex = 0; path = BabyTime.app; sourceTree = BUILT_PRODUCTS_DIR; };
		5AC2ACE41E2CD765002F660F /* AppDelegate.swift */ = {isa = PBXFileReference; lastKnownFileType = sourcecode.swift; path = AppDelegate.swift; sourceTree = "<group>"; };
		5AC2ACE61E2CD765002F660F /* ViewController.swift */ = {isa = PBXFileReference; lastKnownFileType = sourcecode.swift; path = ViewController.swift; sourceTree = "<group>"; };
		5AC2ACE91E2CD765002F660F /* Base */ = {isa = PBXFileReference; lastKnownFileType = file.storyboard; name = Base; path = Base.lproj/Main.storyboard; sourceTree = "<group>"; };
		5AC2ACEB1E2CD765002F660F /* Assets.xcassets */ = {isa = PBXFileReference; lastKnownFileType = folder.assetcatalog; path = Assets.xcassets; sourceTree = "<group>"; };
		5AC2ACEE1E2CD765002F660F /* Base */ = {isa = PBXFileReference; lastKnownFileType = file.storyboard; name = Base; path = Base.lproj/LaunchScreen.storyboard; sourceTree = "<group>"; };
		5AC2ACF01E2CD765002F660F /* Info.plist */ = {isa = PBXFileReference; lastKnownFileType = text.plist.xml; path = Info.plist; sourceTree = "<group>"; };
		5AC2ACF51E2CD765002F660F /* BabyTimeTests.xctest */ = {isa = PBXFileReference; explicitFileType = wrapper.cfbundle; includeInIndex = 0; path = BabyTimeTests.xctest; sourceTree = BUILT_PRODUCTS_DIR; };
		5AC2ACF91E2CD765002F660F /* BabyTimeTests.swift */ = {isa = PBXFileReference; lastKnownFileType = sourcecode.swift; path = BabyTimeTests.swift; sourceTree = "<group>"; };
		5AC2ACFB1E2CD765002F660F /* Info.plist */ = {isa = PBXFileReference; lastKnownFileType = text.plist.xml; path = Info.plist; sourceTree = "<group>"; };
		5AC2AD001E2CD765002F660F /* BabyTimeUITests.xctest */ = {isa = PBXFileReference; explicitFileType = wrapper.cfbundle; includeInIndex = 0; path = BabyTimeUITests.xctest; sourceTree = BUILT_PRODUCTS_DIR; };
		5AC2AD041E2CD765002F660F /* BabyTimeUITests.swift */ = {isa = PBXFileReference; lastKnownFileType = sourcecode.swift; path = BabyTimeUITests.swift; sourceTree = "<group>"; };
		5AC2AD061E2CD765002F660F /* Info.plist */ = {isa = PBXFileReference; lastKnownFileType = text.plist.xml; path = Info.plist; sourceTree = "<group>"; };
		5AC2AD091E2CD765002F660F /* BabyTime WatchKit App.app */ = {isa = PBXFileReference; explicitFileType = wrapper.application; includeInIndex = 0; path = "BabyTime WatchKit App.app"; sourceTree = BUILT_PRODUCTS_DIR; };
		5AC2AD0F1E2CD765002F660F /* Base */ = {isa = PBXFileReference; lastKnownFileType = file.storyboard; name = Base; path = Base.lproj/Interface.storyboard; sourceTree = "<group>"; };
		5AC2AD111E2CD765002F660F /* Assets.xcassets */ = {isa = PBXFileReference; lastKnownFileType = folder.assetcatalog; path = Assets.xcassets; sourceTree = "<group>"; };
		5AC2AD131E2CD765002F660F /* Info.plist */ = {isa = PBXFileReference; lastKnownFileType = text.plist.xml; path = Info.plist; sourceTree = "<group>"; };
		5AC2AD181E2CD765002F660F /* BabyTime WatchKit Extension.appex */ = {isa = PBXFileReference; explicitFileType = "wrapper.app-extension"; includeInIndex = 0; path = "BabyTime WatchKit Extension.appex"; sourceTree = BUILT_PRODUCTS_DIR; };
		5AC2AD1E1E2CD765002F660F /* PushNotificationPayload.apns */ = {isa = PBXFileReference; lastKnownFileType = text; path = PushNotificationPayload.apns; sourceTree = "<group>"; };
		5AC2AD1F1E2CD765002F660F /* InterfaceController.swift */ = {isa = PBXFileReference; lastKnownFileType = sourcecode.swift; path = InterfaceController.swift; sourceTree = "<group>"; };
		5AC2AD211E2CD765002F660F /* ExtensionDelegate.swift */ = {isa = PBXFileReference; lastKnownFileType = sourcecode.swift; path = ExtensionDelegate.swift; sourceTree = "<group>"; };
		5AC2AD231E2CD765002F660F /* NotificationController.swift */ = {isa = PBXFileReference; lastKnownFileType = sourcecode.swift; path = NotificationController.swift; sourceTree = "<group>"; };
		5AC2AD251E2CD765002F660F /* ComplicationController.swift */ = {isa = PBXFileReference; lastKnownFileType = sourcecode.swift; path = ComplicationController.swift; sourceTree = "<group>"; };
		5AC2AD271E2CD765002F660F /* Assets.xcassets */ = {isa = PBXFileReference; lastKnownFileType = folder.assetcatalog; path = Assets.xcassets; sourceTree = "<group>"; };
		5AC2AD291E2CD765002F660F /* Info.plist */ = {isa = PBXFileReference; lastKnownFileType = text.plist.xml; path = Info.plist; sourceTree = "<group>"; };
/* End PBXFileReference section */

/* Begin PBXFrameworksBuildPhase section */
		5AC2ACDE1E2CD765002F660F /* Frameworks */ = {
			isa = PBXFrameworksBuildPhase;
			buildActionMask = 2147483647;
			files = (
			);
			runOnlyForDeploymentPostprocessing = 0;
		};
		5AC2ACF21E2CD765002F660F /* Frameworks */ = {
			isa = PBXFrameworksBuildPhase;
			buildActionMask = 2147483647;
			files = (
			);
			runOnlyForDeploymentPostprocessing = 0;
		};
		5AC2ACFD1E2CD765002F660F /* Frameworks */ = {
			isa = PBXFrameworksBuildPhase;
			buildActionMask = 2147483647;
			files = (
			);
			runOnlyForDeploymentPostprocessing = 0;
		};
		5AC2AD151E2CD765002F660F /* Frameworks */ = {
			isa = PBXFrameworksBuildPhase;
			buildActionMask = 2147483647;
			files = (
			);
			runOnlyForDeploymentPostprocessing = 0;
		};
/* End PBXFrameworksBuildPhase section */

/* Begin PBXGroup section */
		5AC2ACD81E2CD765002F660F = {
			isa = PBXGroup;
			children = (
				5AC2ACE31E2CD765002F660F /* BabyTime */,
				5AC2ACF81E2CD765002F660F /* BabyTimeTests */,
				5AC2AD031E2CD765002F660F /* BabyTimeUITests */,
				5AC2AD0D1E2CD765002F660F /* BabyTime WatchKit App */,
				5AC2AD1C1E2CD765002F660F /* BabyTime WatchKit Extension */,
				5AC2ACE21E2CD765002F660F /* Products */,
			);
			sourceTree = "<group>";
		};
		5AC2ACE21E2CD765002F660F /* Products */ = {
			isa = PBXGroup;
			children = (
				5AC2ACE11E2CD765002F660F /* BabyTime.app */,
				5AC2ACF51E2CD765002F660F /* BabyTimeTests.xctest */,
				5AC2AD001E2CD765002F660F /* BabyTimeUITests.xctest */,
				5AC2AD091E2CD765002F660F /* BabyTime WatchKit App.app */,
				5AC2AD181E2CD765002F660F /* BabyTime WatchKit Extension.appex */,
			);
			name = Products;
			sourceTree = "<group>";
		};
		5AC2ACE31E2CD765002F660F /* BabyTime */ = {
			isa = PBXGroup;
			children = (
				5AC2ACE41E2CD765002F660F /* AppDelegate.swift */,
				5AC2ACE61E2CD765002F660F /* ViewController.swift */,
				5AC2ACE81E2CD765002F660F /* Main.storyboard */,
				5AC2ACEB1E2CD765002F660F /* Assets.xcassets */,
				5AC2ACED1E2CD765002F660F /* LaunchScreen.storyboard */,
				5AC2ACF01E2CD765002F660F /* Info.plist */,
			);
			path = BabyTime;
			sourceTree = "<group>";
		};
		5AC2ACF81E2CD765002F660F /* BabyTimeTests */ = {
			isa = PBXGroup;
			children = (
				5AC2ACF91E2CD765002F660F /* BabyTimeTests.swift */,
				5AC2ACFB1E2CD765002F660F /* Info.plist */,
			);
			path = BabyTimeTests;
			sourceTree = "<group>";
		};
		5AC2AD031E2CD765002F660F /* BabyTimeUITests */ = {
			isa = PBXGroup;
			children = (
				5AC2AD041E2CD765002F660F /* BabyTimeUITests.swift */,
				5AC2AD061E2CD765002F660F /* Info.plist */,
			);
			path = BabyTimeUITests;
			sourceTree = "<group>";
		};
		5AC2AD0D1E2CD765002F660F /* BabyTime WatchKit App */ = {
			isa = PBXGroup;
			children = (
				5AC2AD0E1E2CD765002F660F /* Interface.storyboard */,
				5AC2AD111E2CD765002F660F /* Assets.xcassets */,
				5AC2AD131E2CD765002F660F /* Info.plist */,
			);
			path = "BabyTime WatchKit App";
			sourceTree = "<group>";
		};
		5AC2AD1C1E2CD765002F660F /* BabyTime WatchKit Extension */ = {
			isa = PBXGroup;
			children = (
				5AC2AD1F1E2CD765002F660F /* InterfaceController.swift */,
				5AC2AD211E2CD765002F660F /* ExtensionDelegate.swift */,
				5AC2AD231E2CD765002F660F /* NotificationController.swift */,
				5AC2AD251E2CD765002F660F /* ComplicationController.swift */,
				5AC2AD271E2CD765002F660F /* Assets.xcassets */,
				5AC2AD291E2CD765002F660F /* Info.plist */,
				5AC2AD1D1E2CD765002F660F /* Supporting Files */,
			);
			path = "BabyTime WatchKit Extension";
			sourceTree = "<group>";
		};
		5AC2AD1D1E2CD765002F660F /* Supporting Files */ = {
			isa = PBXGroup;
			children = (
				5AC2AD1E1E2CD765002F660F /* PushNotificationPayload.apns */,
			);
			name = "Supporting Files";
			sourceTree = "<group>";
		};
/* End PBXGroup section */

/* Begin PBXNativeTarget section */
		5AC2ACE01E2CD765002F660F /* BabyTime */ = {
			isa = PBXNativeTarget;
			buildConfigurationList = 5AC2AD341E2CD765002F660F /* Build configuration list for PBXNativeTarget "BabyTime" */;
			buildPhases = (
				5AC2ACDD1E2CD765002F660F /* Sources */,
				5AC2ACDE1E2CD765002F660F /* Frameworks */,
				5AC2ACDF1E2CD765002F660F /* Resources */,
				5AC2AD331E2CD765002F660F /* Embed Watch Content */,
			);
			buildRules = (
			);
			dependencies = (
				5AC2AD0C1E2CD765002F660F /* PBXTargetDependency */,
			);
			name = BabyTime;
			productName = BabyTime;
			productReference = 5AC2ACE11E2CD765002F660F /* BabyTime.app */;
			productType = "com.apple.product-type.application";
		};
		5AC2ACF41E2CD765002F660F /* BabyTimeTests */ = {
			isa = PBXNativeTarget;
			buildConfigurationList = 5AC2AD371E2CD765002F660F /* Build configuration list for PBXNativeTarget "BabyTimeTests" */;
			buildPhases = (
				5AC2ACF11E2CD765002F660F /* Sources */,
				5AC2ACF21E2CD765002F660F /* Frameworks */,
				5AC2ACF31E2CD765002F660F /* Resources */,
			);
			buildRules = (
			);
			dependencies = (
				5AC2ACF71E2CD765002F660F /* PBXTargetDependency */,
			);
			name = BabyTimeTests;
			productName = BabyTimeTests;
			productReference = 5AC2ACF51E2CD765002F660F /* BabyTimeTests.xctest */;
			productType = "com.apple.product-type.bundle.unit-test";
		};
		5AC2ACFF1E2CD765002F660F /* BabyTimeUITests */ = {
			isa = PBXNativeTarget;
			buildConfigurationList = 5AC2AD3A1E2CD765002F660F /* Build configuration list for PBXNativeTarget "BabyTimeUITests" */;
			buildPhases = (
				5AC2ACFC1E2CD765002F660F /* Sources */,
				5AC2ACFD1E2CD765002F660F /* Frameworks */,
				5AC2ACFE1E2CD765002F660F /* Resources */,
			);
			buildRules = (
			);
			dependencies = (
				5AC2AD021E2CD765002F660F /* PBXTargetDependency */,
			);
			name = BabyTimeUITests;
			productName = BabyTimeUITests;
			productReference = 5AC2AD001E2CD765002F660F /* BabyTimeUITests.xctest */;
			productType = "com.apple.product-type.bundle.ui-testing";
		};
		5AC2AD081E2CD765002F660F /* BabyTime WatchKit App */ = {
			isa = PBXNativeTarget;
			buildConfigurationList = 5AC2AD301E2CD765002F660F /* Build configuration list for PBXNativeTarget "BabyTime WatchKit App" */;
			buildPhases = (
				5AC2AD071E2CD765002F660F /* Resources */,
				5AC2AD2F1E2CD765002F660F /* Embed App Extensions */,
			);
			buildRules = (
			);
			dependencies = (
				5AC2AD1B1E2CD765002F660F /* PBXTargetDependency */,
			);
			name = "BabyTime WatchKit App";
			productName = "BabyTime WatchKit App";
			productReference = 5AC2AD091E2CD765002F660F /* BabyTime WatchKit App.app */;
			productType = "com.apple.product-type.application.watchapp2";
		};
		5AC2AD171E2CD765002F660F /* BabyTime WatchKit Extension */ = {
			isa = PBXNativeTarget;
			buildConfigurationList = 5AC2AD2C1E2CD765002F660F /* Build configuration list for PBXNativeTarget "BabyTime WatchKit Extension" */;
			buildPhases = (
				5AC2AD141E2CD765002F660F /* Sources */,
				5AC2AD151E2CD765002F660F /* Frameworks */,
				5AC2AD161E2CD765002F660F /* Resources */,
			);
			buildRules = (
			);
			dependencies = (
			);
			name = "BabyTime WatchKit Extension";
			productName = "BabyTime WatchKit Extension";
			productReference = 5AC2AD181E2CD765002F660F /* BabyTime WatchKit Extension.appex */;
			productType = "com.apple.product-type.watchkit2-extension";
		};
/* End PBXNativeTarget section */

/* Begin PBXProject section */
		5AC2ACD91E2CD765002F660F /* Project object */ = {
			isa = PBXProject;
			attributes = {
				LastSwiftUpdateCheck = 0820;
				LastUpgradeCheck = 0820;
				ORGANIZATIONNAME = Kewe;
				TargetAttributes = {
					5AC2ACE01E2CD765002F660F = {
						CreatedOnToolsVersion = 8.2.1;
						DevelopmentTeam = M5R8LEXDD7;
						ProvisioningStyle = Automatic;
					};
					5AC2ACF41E2CD765002F660F = {
						CreatedOnToolsVersion = 8.2.1;
						DevelopmentTeam = M5R8LEXDD7;
						ProvisioningStyle = Automatic;
						TestTargetID = 5AC2ACE01E2CD765002F660F;
					};
					5AC2ACFF1E2CD765002F660F = {
						CreatedOnToolsVersion = 8.2.1;
						DevelopmentTeam = M5R8LEXDD7;
						ProvisioningStyle = Automatic;
						TestTargetID = 5AC2ACE01E2CD765002F660F;
					};
					5AC2AD081E2CD765002F660F = {
						CreatedOnToolsVersion = 8.2.1;
						DevelopmentTeam = M5R8LEXDD7;
						ProvisioningStyle = Automatic;
					};
					5AC2AD171E2CD765002F660F = {
						CreatedOnToolsVersion = 8.2.1;
						DevelopmentTeam = M5R8LEXDD7;
						ProvisioningStyle = Automatic;
					};
				};
			};
			buildConfigurationList = 5AC2ACDC1E2CD765002F660F /* Build configuration list for PBXProject "BabyTime" */;
			compatibilityVersion = "Xcode 3.2";
			developmentRegion = English;
			hasScannedForEncodings = 0;
			knownRegions = (
				en,
				Base,
			);
			mainGroup = 5AC2ACD81E2CD765002F660F;
			productRefGroup = 5AC2ACE21E2CD765002F660F /* Products */;
			projectDirPath = "";
			projectRoot = "";
			targets = (
				5AC2ACE01E2CD765002F660F /* BabyTime */,
				5AC2ACF41E2CD765002F660F /* BabyTimeTests */,
				5AC2ACFF1E2CD765002F660F /* BabyTimeUITests */,
				5AC2AD081E2CD765002F660F /* BabyTime WatchKit App */,
				5AC2AD171E2CD765002F660F /* BabyTime WatchKit Extension */,
			);
		};
/* End PBXProject section */

/* Begin PBXResourcesBuildPhase section */
		5AC2ACDF1E2CD765002F660F /* Resources */ = {
			isa = PBXResourcesBuildPhase;
			buildActionMask = 2147483647;
			files = (
				5AC2ACEF1E2CD765002F660F /* LaunchScreen.storyboard in Resources */,
				5AC2ACEC1E2CD765002F660F /* Assets.xcassets in Resources */,
				5AC2ACEA1E2CD765002F660F /* Main.storyboard in Resources */,
			);
			runOnlyForDeploymentPostprocessing = 0;
		};
		5AC2ACF31E2CD765002F660F /* Resources */ = {
			isa = PBXResourcesBuildPhase;
			buildActionMask = 2147483647;
			files = (
			);
			runOnlyForDeploymentPostprocessing = 0;
		};
		5AC2ACFE1E2CD765002F660F /* Resources */ = {
			isa = PBXResourcesBuildPhase;
			buildActionMask = 2147483647;
			files = (
			);
			runOnlyForDeploymentPostprocessing = 0;
		};
		5AC2AD071E2CD765002F660F /* Resources */ = {
			isa = PBXResourcesBuildPhase;
			buildActionMask = 2147483647;
			files = (
				5AC2AD121E2CD765002F660F /* Assets.xcassets in Resources */,
				5AC2AD101E2CD765002F660F /* Interface.storyboard in Resources */,
			);
			runOnlyForDeploymentPostprocessing = 0;
		};
		5AC2AD161E2CD765002F660F /* Resources */ = {
			isa = PBXResourcesBuildPhase;
			buildActionMask = 2147483647;
			files = (
				5AC2AD281E2CD765002F660F /* Assets.xcassets in Resources */,
			);
			runOnlyForDeploymentPostprocessing = 0;
		};
/* End PBXResourcesBuildPhase section */

/* Begin PBXSourcesBuildPhase section */
		5AC2ACDD1E2CD765002F660F /* Sources */ = {
			isa = PBXSourcesBuildPhase;
			buildActionMask = 2147483647;
			files = (
				5AC2ACE71E2CD765002F660F /* ViewController.swift in Sources */,
				5AC2ACE51E2CD765002F660F /* AppDelegate.swift in Sources */,
			);
			runOnlyForDeploymentPostprocessing = 0;
		};
		5AC2ACF11E2CD765002F660F /* Sources */ = {
			isa = PBXSourcesBuildPhase;
			buildActionMask = 2147483647;
			files = (
				5AC2ACFA1E2CD765002F660F /* BabyTimeTests.swift in Sources */,
			);
			runOnlyForDeploymentPostprocessing = 0;
		};
		5AC2ACFC1E2CD765002F660F /* Sources */ = {
			isa = PBXSourcesBuildPhase;
			buildActionMask = 2147483647;
			files = (
				5AC2AD051E2CD765002F660F /* BabyTimeUITests.swift in Sources */,
			);
			runOnlyForDeploymentPostprocessing = 0;
		};
		5AC2AD141E2CD765002F660F /* Sources */ = {
			isa = PBXSourcesBuildPhase;
			buildActionMask = 2147483647;
			files = (
				5AC2AD241E2CD765002F660F /* NotificationController.swift in Sources */,
				5AC2AD261E2CD765002F660F /* ComplicationController.swift in Sources */,
				5AC2AD221E2CD765002F660F /* ExtensionDelegate.swift in Sources */,
				5AC2AD201E2CD765002F660F /* InterfaceController.swift in Sources */,
			);
			runOnlyForDeploymentPostprocessing = 0;
		};
/* End PBXSourcesBuildPhase section */

/* Begin PBXTargetDependency section */
		5AC2ACF71E2CD765002F660F /* PBXTargetDependency */ = {
			isa = PBXTargetDependency;
			target = 5AC2ACE01E2CD765002F660F /* BabyTime */;
			targetProxy = 5AC2ACF61E2CD765002F660F /* PBXContainerItemProxy */;
		};
		5AC2AD021E2CD765002F660F /* PBXTargetDependency */ = {
			isa = PBXTargetDependency;
			target = 5AC2ACE01E2CD765002F660F /* BabyTime */;
			targetProxy = 5AC2AD011E2CD765002F660F /* PBXContainerItemProxy */;
		};
		5AC2AD0C1E2CD765002F660F /* PBXTargetDependency */ = {
			isa = PBXTargetDependency;
			target = 5AC2AD081E2CD765002F660F /* BabyTime WatchKit App */;
			targetProxy = 5AC2AD0B1E2CD765002F660F /* PBXContainerItemProxy */;
		};
		5AC2AD1B1E2CD765002F660F /* PBXTargetDependency */ = {
			isa = PBXTargetDependency;
			target = 5AC2AD171E2CD765002F660F /* BabyTime WatchKit Extension */;
			targetProxy = 5AC2AD1A1E2CD765002F660F /* PBXContainerItemProxy */;
		};
/* End PBXTargetDependency section */

/* Begin PBXVariantGroup section */
		5AC2ACE81E2CD765002F660F /* Main.storyboard */ = {
			isa = PBXVariantGroup;
			children = (
				5AC2ACE91E2CD765002F660F /* Base */,
			);
			name = Main.storyboard;
			sourceTree = "<group>";
		};
		5AC2ACED1E2CD765002F660F /* LaunchScreen.storyboard */ = {
			isa = PBXVariantGroup;
			children = (
				5AC2ACEE1E2CD765002F660F /* Base */,
			);
			name = LaunchScreen.storyboard;
			sourceTree = "<group>";
		};
		5AC2AD0E1E2CD765002F660F /* Interface.storyboard */ = {
			isa = PBXVariantGroup;
			children = (
				5AC2AD0F1E2CD765002F660F /* Base */,
			);
			name = Interface.storyboard;
			sourceTree = "<group>";
		};
/* End PBXVariantGroup section */

/* Begin XCBuildConfiguration section */
		5AC2AD2A1E2CD765002F660F /* Debug */ = {
			isa = XCBuildConfiguration;
			buildSettings = {
				ALWAYS_SEARCH_USER_PATHS = NO;
				CLANG_ANALYZER_NONNULL = YES;
				CLANG_CXX_LANGUAGE_STANDARD = "gnu++0x";
				CLANG_CXX_LIBRARY = "libc++";
				CLANG_ENABLE_MODULES = YES;
				CLANG_ENABLE_OBJC_ARC = YES;
				CLANG_WARN_BOOL_CONVERSION = YES;
				CLANG_WARN_CONSTANT_CONVERSION = YES;
				CLANG_WARN_DIRECT_OBJC_ISA_USAGE = YES_ERROR;
				CLANG_WARN_DOCUMENTATION_COMMENTS = YES;
				CLANG_WARN_EMPTY_BODY = YES;
				CLANG_WARN_ENUM_CONVERSION = YES;
				CLANG_WARN_INFINITE_RECURSION = YES;
				CLANG_WARN_INT_CONVERSION = YES;
				CLANG_WARN_OBJC_ROOT_CLASS = YES_ERROR;
				CLANG_WARN_SUSPICIOUS_MOVE = YES;
				CLANG_WARN_UNREACHABLE_CODE = YES;
				CLANG_WARN__DUPLICATE_METHOD_MATCH = YES;
				"CODE_SIGN_IDENTITY[sdk=iphoneos*]" = "iPhone Developer";
				COPY_PHASE_STRIP = NO;
				DEBUG_INFORMATION_FORMAT = dwarf;
				ENABLE_STRICT_OBJC_MSGSEND = YES;
				ENABLE_TESTABILITY = YES;
				GCC_C_LANGUAGE_STANDARD = gnu99;
				GCC_DYNAMIC_NO_PIC = NO;
				GCC_NO_COMMON_BLOCKS = YES;
				GCC_OPTIMIZATION_LEVEL = 0;
				GCC_PREPROCESSOR_DEFINITIONS = (
					"DEBUG=1",
					"$(inherited)",
				);
				GCC_WARN_64_TO_32_BIT_CONVERSION = YES;
				GCC_WARN_ABOUT_RETURN_TYPE = YES_ERROR;
				GCC_WARN_UNDECLARED_SELECTOR = YES;
				GCC_WARN_UNINITIALIZED_AUTOS = YES_AGGRESSIVE;
				GCC_WARN_UNUSED_FUNCTION = YES;
				GCC_WARN_UNUSED_VARIABLE = YES;
				IPHONEOS_DEPLOYMENT_TARGET = 10.2;
				MTL_ENABLE_DEBUG_INFO = YES;
				ONLY_ACTIVE_ARCH = YES;
				SDKROOT = iphoneos;
				SWIFT_ACTIVE_COMPILATION_CONDITIONS = DEBUG;
				SWIFT_OPTIMIZATION_LEVEL = "-Onone";
				TARGETED_DEVICE_FAMILY = "1,2";
			};
			name = Debug;
		};
		5AC2AD2B1E2CD765002F660F /* Release */ = {
			isa = XCBuildConfiguration;
			buildSettings = {
				ALWAYS_SEARCH_USER_PATHS = NO;
				CLANG_ANALYZER_NONNULL = YES;
				CLANG_CXX_LANGUAGE_STANDARD = "gnu++0x";
				CLANG_CXX_LIBRARY = "libc++";
				CLANG_ENABLE_MODULES = YES;
				CLANG_ENABLE_OBJC_ARC = YES;
				CLANG_WARN_BOOL_CONVERSION = YES;
				CLANG_WARN_CONSTANT_CONVERSION = YES;
				CLANG_WARN_DIRECT_OBJC_ISA_USAGE = YES_ERROR;
				CLANG_WARN_DOCUMENTATION_COMMENTS = YES;
				CLANG_WARN_EMPTY_BODY = YES;
				CLANG_WARN_ENUM_CONVERSION = YES;
				CLANG_WARN_INFINITE_RECURSION = YES;
				CLANG_WARN_INT_CONVERSION = YES;
				CLANG_WARN_OBJC_ROOT_CLASS = YES_ERROR;
				CLANG_WARN_SUSPICIOUS_MOVE = YES;
				CLANG_WARN_UNREACHABLE_CODE = YES;
				CLANG_WARN__DUPLICATE_METHOD_MATCH = YES;
				"CODE_SIGN_IDENTITY[sdk=iphoneos*]" = "iPhone Developer";
				COPY_PHASE_STRIP = NO;
				DEBUG_INFORMATION_FORMAT = "dwarf-with-dsym";
				ENABLE_NS_ASSERTIONS = NO;
				ENABLE_STRICT_OBJC_MSGSEND = YES;
				GCC_C_LANGUAGE_STANDARD = gnu99;
				GCC_NO_COMMON_BLOCKS = YES;
				GCC_WARN_64_TO_32_BIT_CONVERSION = YES;
				GCC_WARN_ABOUT_RETURN_TYPE = YES_ERROR;
				GCC_WARN_UNDECLARED_SELECTOR = YES;
				GCC_WARN_UNINITIALIZED_AUTOS = YES_AGGRESSIVE;
				GCC_WARN_UNUSED_FUNCTION = YES;
				GCC_WARN_UNUSED_VARIABLE = YES;
				IPHONEOS_DEPLOYMENT_TARGET = 10.2;
				MTL_ENABLE_DEBUG_INFO = NO;
				SDKROOT = iphoneos;
				SWIFT_OPTIMIZATION_LEVEL = "-Owholemodule";
				TARGETED_DEVICE_FAMILY = "1,2";
				VALIDATE_PRODUCT = YES;
			};
			name = Release;
		};
		5AC2AD2D1E2CD765002F660F /* Debug */ = {
			isa = XCBuildConfiguration;
			buildSettings = {
				ASSETCATALOG_COMPILER_COMPLICATION_NAME = Complication;
				DEVELOPMENT_TEAM = M5R8LEXDD7;
				INFOPLIST_FILE = "BabyTime WatchKit Extension/Info.plist";
				LD_RUNPATH_SEARCH_PATHS = "$(inherited) @executable_path/Frameworks @executable_path/../../Frameworks";
				PRODUCT_BUNDLE_IDENTIFIER = us.jsy.BabyTime.watchkitapp.watchkitextension;
				PRODUCT_NAME = "${TARGET_NAME}";
				SDKROOT = watchos;
				SKIP_INSTALL = YES;
				SWIFT_VERSION = 3.0;
				TARGETED_DEVICE_FAMILY = 4;
				WATCHOS_DEPLOYMENT_TARGET = 3.1;
			};
			name = Debug;
		};
		5AC2AD2E1E2CD765002F660F /* Release */ = {
			isa = XCBuildConfiguration;
			buildSettings = {
				ASSETCATALOG_COMPILER_COMPLICATION_NAME = Complication;
				DEVELOPMENT_TEAM = M5R8LEXDD7;
				INFOPLIST_FILE = "BabyTime WatchKit Extension/Info.plist";
				LD_RUNPATH_SEARCH_PATHS = "$(inherited) @executable_path/Frameworks @executable_path/../../Frameworks";
				PRODUCT_BUNDLE_IDENTIFIER = us.jsy.BabyTime.watchkitapp.watchkitextension;
				PRODUCT_NAME = "${TARGET_NAME}";
				SDKROOT = watchos;
				SKIP_INSTALL = YES;
				SWIFT_VERSION = 3.0;
				TARGETED_DEVICE_FAMILY = 4;
				WATCHOS_DEPLOYMENT_TARGET = 3.1;
			};
			name = Release;
		};
		5AC2AD311E2CD765002F660F /* Debug */ = {
			isa = XCBuildConfiguration;
			buildSettings = {
				ALWAYS_EMBED_SWIFT_STANDARD_LIBRARIES = YES;
				ASSETCATALOG_COMPILER_APPICON_NAME = AppIcon;
				DEVELOPMENT_TEAM = M5R8LEXDD7;
				IBSC_MODULE = BabyTime_WatchKit_Extension;
				INFOPLIST_FILE = "BabyTime WatchKit App/Info.plist";
				PRODUCT_BUNDLE_IDENTIFIER = us.jsy.BabyTime.watchkitapp;
				PRODUCT_NAME = "$(TARGET_NAME)";
				SDKROOT = watchos;
				SKIP_INSTALL = YES;
				SWIFT_VERSION = 3.0;
				TARGETED_DEVICE_FAMILY = 4;
				WATCHOS_DEPLOYMENT_TARGET = 3.1;
			};
			name = Debug;
		};
		5AC2AD321E2CD765002F660F /* Release */ = {
			isa = XCBuildConfiguration;
			buildSettings = {
				ALWAYS_EMBED_SWIFT_STANDARD_LIBRARIES = YES;
				ASSETCATALOG_COMPILER_APPICON_NAME = AppIcon;
				DEVELOPMENT_TEAM = M5R8LEXDD7;
				IBSC_MODULE = BabyTime_WatchKit_Extension;
				INFOPLIST_FILE = "BabyTime WatchKit App/Info.plist";
				PRODUCT_BUNDLE_IDENTIFIER = us.jsy.BabyTime.watchkitapp;
				PRODUCT_NAME = "$(TARGET_NAME)";
				SDKROOT = watchos;
				SKIP_INSTALL = YES;
				SWIFT_VERSION = 3.0;
				TARGETED_DEVICE_FAMILY = 4;
				WATCHOS_DEPLOYMENT_TARGET = 3.1;
			};
			name = Release;
		};
		5AC2AD351E2CD765002F660F /* Debug */ = {
			isa = XCBuildConfiguration;
			buildSettings = {
				ASSETCATALOG_COMPILER_APPICON_NAME = AppIcon;
				DEVELOPMENT_TEAM = M5R8LEXDD7;
				INFOPLIST_FILE = BabyTime/Info.plist;
				LD_RUNPATH_SEARCH_PATHS = "$(inherited) @executable_path/Frameworks";
				PRODUCT_BUNDLE_IDENTIFIER = us.jsy.BabyTime;
				PRODUCT_NAME = "$(TARGET_NAME)";
				SWIFT_VERSION = 3.0;
			};
			name = Debug;
		};
		5AC2AD361E2CD765002F660F /* Release */ = {
			isa = XCBuildConfiguration;
			buildSettings = {
				ASSETCATALOG_COMPILER_APPICON_NAME = AppIcon;
				DEVELOPMENT_TEAM = M5R8LEXDD7;
				INFOPLIST_FILE = BabyTime/Info.plist;
				LD_RUNPATH_SEARCH_PATHS = "$(inherited) @executable_path/Frameworks";
				PRODUCT_BUNDLE_IDENTIFIER = us.jsy.BabyTime;
				PRODUCT_NAME = "$(TARGET_NAME)";
				SWIFT_VERSION = 3.0;
			};
			name = Release;
		};
		5AC2AD381E2CD765002F660F /* Debug */ = {
			isa = XCBuildConfiguration;
			buildSettings = {
				ALWAYS_EMBED_SWIFT_STANDARD_LIBRARIES = YES;
				BUNDLE_LOADER = "$(TEST_HOST)";
				DEVELOPMENT_TEAM = M5R8LEXDD7;
				INFOPLIST_FILE = BabyTimeTests/Info.plist;
				LD_RUNPATH_SEARCH_PATHS = "$(inherited) @executable_path/Frameworks @loader_path/Frameworks";
				PRODUCT_BUNDLE_IDENTIFIER = us.jsy.BabyTimeTests;
				PRODUCT_NAME = "$(TARGET_NAME)";
				SWIFT_VERSION = 3.0;
				TEST_HOST = "$(BUILT_PRODUCTS_DIR)/BabyTime.app/BabyTime";
			};
			name = Debug;
		};
		5AC2AD391E2CD765002F660F /* Release */ = {
			isa = XCBuildConfiguration;
			buildSettings = {
				ALWAYS_EMBED_SWIFT_STANDARD_LIBRARIES = YES;
				BUNDLE_LOADER = "$(TEST_HOST)";
				DEVELOPMENT_TEAM = M5R8LEXDD7;
				INFOPLIST_FILE = BabyTimeTests/Info.plist;
				LD_RUNPATH_SEARCH_PATHS = "$(inherited) @executable_path/Frameworks @loader_path/Frameworks";
				PRODUCT_BUNDLE_IDENTIFIER = us.jsy.BabyTimeTests;
				PRODUCT_NAME = "$(TARGET_NAME)";
				SWIFT_VERSION = 3.0;
				TEST_HOST = "$(BUILT_PRODUCTS_DIR)/BabyTime.app/BabyTime";
			};
			name = Release;
		};
		5AC2AD3B1E2CD765002F660F /* Debug */ = {
			isa = XCBuildConfiguration;
			buildSettings = {
				ALWAYS_EMBED_SWIFT_STANDARD_LIBRARIES = YES;
				DEVELOPMENT_TEAM = M5R8LEXDD7;
				INFOPLIST_FILE = BabyTimeUITests/Info.plist;
				LD_RUNPATH_SEARCH_PATHS = "$(inherited) @executable_path/Frameworks @loader_path/Frameworks";
				PRODUCT_BUNDLE_IDENTIFIER = us.jsy.BabyTimeUITests;
				PRODUCT_NAME = "$(TARGET_NAME)";
				SWIFT_VERSION = 3.0;
				TEST_TARGET_NAME = BabyTime;
			};
			name = Debug;
		};
		5AC2AD3C1E2CD765002F660F /* Release */ = {
			isa = XCBuildConfiguration;
			buildSettings = {
				ALWAYS_EMBED_SWIFT_STANDARD_LIBRARIES = YES;
				DEVELOPMENT_TEAM = M5R8LEXDD7;
				INFOPLIST_FILE = BabyTimeUITests/Info.plist;
				LD_RUNPATH_SEARCH_PATHS = "$(inherited) @executable_path/Frameworks @loader_path/Frameworks";
				PRODUCT_BUNDLE_IDENTIFIER = us.jsy.BabyTimeUITests;
				PRODUCT_NAME = "$(TARGET_NAME)";
				SWIFT_VERSION = 3.0;
				TEST_TARGET_NAME = BabyTime;
			};
			name = Release;
		};
/* End XCBuildConfiguration section */

/* Begin XCConfigurationList section */
		5AC2ACDC1E2CD765002F660F /* Build configuration list for PBXProject "BabyTime" */ = {
			isa = XCConfigurationList;
			buildConfigurations = (
				5AC2AD2A1E2CD765002F660F /* Debug */,
				5AC2AD2B1E2CD765002F660F /* Release */,
			);
			defaultConfigurationIsVisible = 0;
			defaultConfigurationName = Release;
		};
		5AC2AD2C1E2CD765002F660F /* Build configuration list for PBXNativeTarget "BabyTime WatchKit Extension" */ = {
			isa = XCConfigurationList;
			buildConfigurations = (
				5AC2AD2D1E2CD765002F660F /* Debug */,
				5AC2AD2E1E2CD765002F660F /* Release */,
			);
			defaultConfigurationIsVisible = 0;
		};
		5AC2AD301E2CD765002F660F /* Build configuration list for PBXNativeTarget "BabyTime WatchKit App" */ = {
			isa = XCConfigurationList;
			buildConfigurations = (
				5AC2AD311E2CD765002F660F /* Debug */,
				5AC2AD321E2CD765002F660F /* Release */,
			);
			defaultConfigurationIsVisible = 0;
		};
		5AC2AD341E2CD765002F660F /* Build configuration list for PBXNativeTarget "BabyTime" */ = {
			isa = XCConfigurationList;
			buildConfigurations = (
				5AC2AD351E2CD765002F660F /* Debug */,
				5AC2AD361E2CD765002F660F /* Release */,
			);
			defaultConfigurationIsVisible = 0;
		};
		5AC2AD371E2CD765002F660F /* Build configuration list for PBXNativeTarget "BabyTimeTests" */ = {
			isa = XCConfigurationList;
			buildConfigurations = (
				5AC2AD381E2CD765002F660F /* Debug */,
				5AC2AD391E2CD765002F660F /* Release */,
			);
			defaultConfigurationIsVisible = 0;
		};
		5AC2AD3A1E2CD765002F660F /* Build configuration list for PBXNativeTarget "BabyTimeUITests" */ = {
			isa = XCConfigurationList;
			buildConfigurations = (
				5AC2AD3B1E2CD765002F660F /* Debug */,
				5AC2AD3C1E2CD765002F660F /* Release */,
			);
			defaultConfigurationIsVisible = 0;
		};
/* End XCConfigurationList section */
	};
	rootObject = 5AC2ACD91E2CD765002F660F /* Project object */;
}
